
Microsoft Visual Studio Solution File, Format Version 12.00
# Visual Studio 15
Project("{FAE04EC0-301F-11D3-BF4B-00C04F79EFBC}") = "Assembly-CSharp", "Assembly-CSharp.csproj", "{A0E5F6DF-D640-970D-7323-869DCBAF942D}"
EndProject
Project("{FAE04EC0-301F-11D3-BF4B-00C04F79EFBC}") = "Assembly-CSharp-firstpass", "Assembly-CSharp-firstpass.csproj", "{24679BA2-8932-90DA-6A6B-5EDACC5A9A03}"
EndProject
Global
	GlobalSection(SolutionConfigurationPlatforms) = preSolution
		Debug|Any CPU = Debug|Any CPU
		Release|Any CPU = Release|Any CPU
	EndGlobalSection
	GlobalSection(ProjectConfigurationPlatforms) = postSolution
		{A0E5F6DF-D640-970D-7323-869DCBAF942D}.Debug|Any CPU.ActiveCfg = Debug|Any CPU
		{A0E5F6DF-D640-970D-7323-869DCBAF942D}.Debug|Any CPU.Build.0 = Debug|Any CPU
		{A0E5F6DF-D640-970D-7323-869DCBAF942D}.Release|Any CPU.ActiveCfg = Release|Any CPU
		{A0E5F6DF-D640-970D-7323-869DCBAF942D}.Release|Any CPU.Build.0 = Release|Any CPU
		{24679BA2-8932-90DA-6A6B-5EDACC5A9A03}.Debug|Any CPU.ActiveCfg = Debug|Any CPU
		{24679BA2-8932-90DA-6A6B-5EDACC5A9A03}.Debug|Any CPU.Build.0 = Debug|Any CPU
		{24679BA2-8932-90DA-6A6B-5EDACC5A9A03}.Release|Any CPU.ActiveCfg = Release|Any CPU
		{24679BA2-8932-90DA-6A6B-5EDACC5A9A03}.Release|Any CPU.Build.0 = Release|Any CPU
	EndGlobalSection
	GlobalSection(SolutionProperties) = preSolution
		HideSolutionNode = FALSE
	EndGlobalSection
EndGlobal
